
Microsoft Visual Studio Solution File, Format Version 12.00
# Visual Studio 2012
Project("{8BC9CEB8-8B4A-11D0-8D11-00A0C91BC942}") = "client", "client\client.vcxproj", "{EF668D1E-B13B-4B0B-9CB7-AFAAE8926100}"
EndProject
Global
	GlobalSection(SolutionConfigurationPlatforms) = preSolution
		Debug|Win32 = Debug|Win32
		Release|Win32 = Release|Win32
	EndGlobalSection
	GlobalSection(ProjectConfigurationPlatforms) = postSolution
		{EF668D1E-B13B-4B0B-9CB7-AFAAE8926100}.Debug|Win32.ActiveCfg = Debug|Win32
		{EF668D1E-B13B-4B0B-9CB7-AFAAE8926100}.Debug|Win32.Build.0 = Debug|Win32
		{EF668D1E-B13B-4B0B-9CB7-AFAAE8926100}.Release|Win32.ActiveCfg = Release|Win32
		{EF668D1E-B13B-4B0B-9CB7-AFAAE8926100}.Release|Win32.Build.0 = Release|Win32
	EndGlobalSection
	GlobalSection(SolutionProperties) = preSolution
		HideSolutionNode = FALSE
	EndGlobalSection
EndGlobal
